
Microsoft Visual Studio Solution File, Format Version 12.00
# Visual Studio 15
VisualStudioVersion = 15.0.28307.106
MinimumVisualStudioVersion = 10.0.40219.1
Project("{8BC9CEB8-8B4A-11D0-8D11-00A0C91BC942}") = "melkior", "melkior\melkior.vcxproj", "{E16F422B-1732-44C9-A161-A0494F73C07E}"
EndProject
Global
	GlobalSection(SolutionConfigurationPlatforms) = preSolution
		Debug|x64 = Debug|x64
		Debug|x86 = Debug|x86
		Release|x64 = Release|x64
		Release|x86 = Release|x86
	EndGlobalSection
	GlobalSection(ProjectConfigurationPlatforms) = postSolution
		{E16F422B-1732-44C9-A161-A0494F73C07E}.Debug|x64.ActiveCfg = Debug|x64
		{E16F422B-1732-44C9-A161-A0494F73C07E}.Debug|x64.Build.0 = Debug|x64
		{E16F422B-1732-44C9-A161-A0494F73C07E}.Debug|x86.ActiveCfg = Debug|Win32
		{E16F422B-1732-44C9-A161-A0494F73C07E}.Debug|x86.Build.0 = Debug|Win32
		{E16F422B-1732-44C9-A161-A0494F73C07E}.Release|x64.ActiveCfg = Release|x64
		{E16F422B-1732-44C9-A161-A0494F73C07E}.Release|x64.Build.0 = Release|x64
		{E16F422B-1732-44C9-A161-A0494F73C07E}.Release|x86.ActiveCfg = Release|Win32
		{E16F422B-1732-44C9-A161-A0494F73C07E}.Release|x86.Build.0 = Release|Win32
	EndGlobalSection
	GlobalSection(SolutionProperties) = preSolution
		HideSolutionNode = FALSE
	EndGlobalSection
	GlobalSection(ExtensibilityGlobals) = postSolution
		SolutionGuid = {C08866C5-20F8-4F9B-A53F-52DD22260500}
	EndGlobalSection
EndGlobal
