
Microsoft Visual Studio Solution File, Format Version 12.00
# Visual Studio 15
VisualStudioVersion = 15.0.28307.106
MinimumVisualStudioVersion = 10.0.40219.1
Project("{8BC9CEB8-8B4A-11D0-8D11-00A0C91BC942}") = "algoritmi", "algoritmi\algoritmi.vcxproj", "{5DBFD6C6-254C-413D-9AFB-C86EED8C494C}"
EndProject
Global
	GlobalSection(SolutionConfigurationPlatforms) = preSolution
		Debug|x64 = Debug|x64
		Debug|x86 = Debug|x86
		Release|x64 = Release|x64
		Release|x86 = Release|x86
	EndGlobalSection
	GlobalSection(ProjectConfigurationPlatforms) = postSolution
		{5DBFD6C6-254C-413D-9AFB-C86EED8C494C}.Debug|x64.ActiveCfg = Debug|x64
		{5DBFD6C6-254C-413D-9AFB-C86EED8C494C}.Debug|x64.Build.0 = Debug|x64
		{5DBFD6C6-254C-413D-9AFB-C86EED8C494C}.Debug|x86.ActiveCfg = Debug|Win32
		{5DBFD6C6-254C-413D-9AFB-C86EED8C494C}.Debug|x86.Build.0 = Debug|Win32
		{5DBFD6C6-254C-413D-9AFB-C86EED8C494C}.Release|x64.ActiveCfg = Release|x64
		{5DBFD6C6-254C-413D-9AFB-C86EED8C494C}.Release|x64.Build.0 = Release|x64
		{5DBFD6C6-254C-413D-9AFB-C86EED8C494C}.Release|x86.ActiveCfg = Release|Win32
		{5DBFD6C6-254C-413D-9AFB-C86EED8C494C}.Release|x86.Build.0 = Release|Win32
	EndGlobalSection
	GlobalSection(SolutionProperties) = preSolution
		HideSolutionNode = FALSE
	EndGlobalSection
	GlobalSection(ExtensibilityGlobals) = postSolution
		SolutionGuid = {D8113FF2-0442-40E0-8ED4-88BF7B4B3B77}
	EndGlobalSection
EndGlobal
