
Microsoft Visual Studio Solution File, Format Version 12.00
# Visual Studio 15
VisualStudioVersion = 15.0.28307.106
MinimumVisualStudioVersion = 10.0.40219.1
Project("{8BC9CEB8-8B4A-11D0-8D11-00A0C91BC942}") = "obrnuto", "obrnuto\obrnuto.vcxproj", "{E017723C-90E2-4D46-9C36-F2D0CF693641}"
EndProject
Global
	GlobalSection(SolutionConfigurationPlatforms) = preSolution
		Debug|x64 = Debug|x64
		Debug|x86 = Debug|x86
		Release|x64 = Release|x64
		Release|x86 = Release|x86
	EndGlobalSection
	GlobalSection(ProjectConfigurationPlatforms) = postSolution
		{E017723C-90E2-4D46-9C36-F2D0CF693641}.Debug|x64.ActiveCfg = Debug|x64
		{E017723C-90E2-4D46-9C36-F2D0CF693641}.Debug|x64.Build.0 = Debug|x64
		{E017723C-90E2-4D46-9C36-F2D0CF693641}.Debug|x86.ActiveCfg = Debug|Win32
		{E017723C-90E2-4D46-9C36-F2D0CF693641}.Debug|x86.Build.0 = Debug|Win32
		{E017723C-90E2-4D46-9C36-F2D0CF693641}.Release|x64.ActiveCfg = Release|x64
		{E017723C-90E2-4D46-9C36-F2D0CF693641}.Release|x64.Build.0 = Release|x64
		{E017723C-90E2-4D46-9C36-F2D0CF693641}.Release|x86.ActiveCfg = Release|Win32
		{E017723C-90E2-4D46-9C36-F2D0CF693641}.Release|x86.Build.0 = Release|Win32
	EndGlobalSection
	GlobalSection(SolutionProperties) = preSolution
		HideSolutionNode = FALSE
	EndGlobalSection
	GlobalSection(ExtensibilityGlobals) = postSolution
		SolutionGuid = {D2CB5666-FE93-4CEE-B8D8-37E7C8344231}
	EndGlobalSection
EndGlobal
