
Microsoft Visual Studio Solution File, Format Version 12.00
# Visual Studio 15
VisualStudioVersion = 15.0.28307.106
MinimumVisualStudioVersion = 10.0.40219.1
Project("{8BC9CEB8-8B4A-11D0-8D11-00A0C91BC942}") = "prosjek ocjena", "prosjek ocjena\prosjek ocjena.vcxproj", "{CFD2D54C-5BF5-476B-AAE4-3AE096910B94}"
EndProject
Global
	GlobalSection(SolutionConfigurationPlatforms) = preSolution
		Debug|x64 = Debug|x64
		Debug|x86 = Debug|x86
		Release|x64 = Release|x64
		Release|x86 = Release|x86
	EndGlobalSection
	GlobalSection(ProjectConfigurationPlatforms) = postSolution
		{CFD2D54C-5BF5-476B-AAE4-3AE096910B94}.Debug|x64.ActiveCfg = Debug|x64
		{CFD2D54C-5BF5-476B-AAE4-3AE096910B94}.Debug|x64.Build.0 = Debug|x64
		{CFD2D54C-5BF5-476B-AAE4-3AE096910B94}.Debug|x86.ActiveCfg = Debug|Win32
		{CFD2D54C-5BF5-476B-AAE4-3AE096910B94}.Debug|x86.Build.0 = Debug|Win32
		{CFD2D54C-5BF5-476B-AAE4-3AE096910B94}.Release|x64.ActiveCfg = Release|x64
		{CFD2D54C-5BF5-476B-AAE4-3AE096910B94}.Release|x64.Build.0 = Release|x64
		{CFD2D54C-5BF5-476B-AAE4-3AE096910B94}.Release|x86.ActiveCfg = Release|Win32
		{CFD2D54C-5BF5-476B-AAE4-3AE096910B94}.Release|x86.Build.0 = Release|Win32
	EndGlobalSection
	GlobalSection(SolutionProperties) = preSolution
		HideSolutionNode = FALSE
	EndGlobalSection
	GlobalSection(ExtensibilityGlobals) = postSolution
		SolutionGuid = {6A0482B6-5974-4C10-8040-BDFC10DE0E0C}
	EndGlobalSection
EndGlobal
