
Microsoft Visual Studio Solution File, Format Version 12.00
# Visual Studio 15
VisualStudioVersion = 15.0.28307.106
MinimumVisualStudioVersion = 10.0.40219.1
Project("{8BC9CEB8-8B4A-11D0-8D11-00A0C91BC942}") = "trener", "trener\trener.vcxproj", "{F95DF7BA-E2AC-44C5-B7CE-08BD4F763F78}"
EndProject
Global
	GlobalSection(SolutionConfigurationPlatforms) = preSolution
		Debug|x64 = Debug|x64
		Debug|x86 = Debug|x86
		Release|x64 = Release|x64
		Release|x86 = Release|x86
	EndGlobalSection
	GlobalSection(ProjectConfigurationPlatforms) = postSolution
		{F95DF7BA-E2AC-44C5-B7CE-08BD4F763F78}.Debug|x64.ActiveCfg = Debug|x64
		{F95DF7BA-E2AC-44C5-B7CE-08BD4F763F78}.Debug|x64.Build.0 = Debug|x64
		{F95DF7BA-E2AC-44C5-B7CE-08BD4F763F78}.Debug|x86.ActiveCfg = Debug|Win32
		{F95DF7BA-E2AC-44C5-B7CE-08BD4F763F78}.Debug|x86.Build.0 = Debug|Win32
		{F95DF7BA-E2AC-44C5-B7CE-08BD4F763F78}.Release|x64.ActiveCfg = Release|x64
		{F95DF7BA-E2AC-44C5-B7CE-08BD4F763F78}.Release|x64.Build.0 = Release|x64
		{F95DF7BA-E2AC-44C5-B7CE-08BD4F763F78}.Release|x86.ActiveCfg = Release|Win32
		{F95DF7BA-E2AC-44C5-B7CE-08BD4F763F78}.Release|x86.Build.0 = Release|Win32
	EndGlobalSection
	GlobalSection(SolutionProperties) = preSolution
		HideSolutionNode = FALSE
	EndGlobalSection
	GlobalSection(ExtensibilityGlobals) = postSolution
		SolutionGuid = {6EE797D9-6AF1-41D0-A093-B4D983A1C58E}
	EndGlobalSection
EndGlobal
